
Microsoft Visual Studio Solution File, Format Version 12.00
# Visual Studio 15
VisualStudioVersion = 15.0.28307.271
MinimumVisualStudioVersion = 10.0.40219.1
Project("{FAE04EC0-301F-11D3-BF4B-00C04F79EFBC}") = "NavigationFinal.Android", "NavigationFinal\NavigationFinal.Android\NavigationFinal.Android.csproj", "{B193B187-BE9D-45F7-B87B-8F583BCA86F1}"
EndProject
Project("{FAE04EC0-301F-11D3-BF4B-00C04F79EFBC}") = "NavigationFinal.iOS", "NavigationFinal\NavigationFinal.iOS\NavigationFinal.iOS.csproj", "{B604A016-83C7-4A71-BF4C-918FAB0BE8FB}"
EndProject
Project("{FAE04EC0-301F-11D3-BF4B-00C04F79EFBC}") = "NavigationFinal", "NavigationFinal\NavigationFinal\NavigationFinal.csproj", "{9042B103-8299-4133-B155-9A130785EF3A}"
EndProject
Global
	GlobalSection(SolutionConfigurationPlatforms) = preSolution
		Ad-Hoc|Any CPU = Ad-Hoc|Any CPU
		Ad-Hoc|iPhone = Ad-Hoc|iPhone
		Ad-Hoc|iPhoneSimulator = Ad-Hoc|iPhoneSimulator
		AppStore|Any CPU = AppStore|Any CPU
		AppStore|iPhone = AppStore|iPhone
		AppStore|iPhoneSimulator = AppStore|iPhoneSimulator
		Debug|Any CPU = Debug|Any CPU
		Debug|iPhone = Debug|iPhone
		Debug|iPhoneSimulator = Debug|iPhoneSimulator
		Release|Any CPU = Release|Any CPU
		Release|iPhone = Release|iPhone
		Release|iPhoneSimulator = Release|iPhoneSimulator
	EndGlobalSection
	GlobalSection(ProjectConfigurationPlatforms) = postSolution
		{B193B187-BE9D-45F7-B87B-8F583BCA86F1}.Ad-Hoc|Any CPU.ActiveCfg = Release|Any CPU
		{B193B187-BE9D-45F7-B87B-8F583BCA86F1}.Ad-Hoc|Any CPU.Build.0 = Release|Any CPU
		{B193B187-BE9D-45F7-B87B-8F583BCA86F1}.Ad-Hoc|Any CPU.Deploy.0 = Release|Any CPU
		{B193B187-BE9D-45F7-B87B-8F583BCA86F1}.Ad-Hoc|iPhone.ActiveCfg = Release|Any CPU
		{B193B187-BE9D-45F7-B87B-8F583BCA86F1}.Ad-Hoc|iPhone.Build.0 = Release|Any CPU
		{B193B187-BE9D-45F7-B87B-8F583BCA86F1}.Ad-Hoc|iPhone.Deploy.0 = Release|Any CPU
		{B193B187-BE9D-45F7-B87B-8F583BCA86F1}.Ad-Hoc|iPhoneSimulator.ActiveCfg = Release|Any CPU
		{B193B187-BE9D-45F7-B87B-8F583BCA86F1}.Ad-Hoc|iPhoneSimulator.Build.0 = Release|Any CPU
		{B193B187-BE9D-45F7-B87B-8F583BCA86F1}.Ad-Hoc|iPhoneSimulator.Deploy.0 = Release|Any CPU
		{B193B187-BE9D-45F7-B87B-8F583BCA86F1}.AppStore|Any CPU.ActiveCfg = Release|Any CPU
		{B193B187-BE9D-45F7-B87B-8F583BCA86F1}.AppStore|Any CPU.Build.0 = Release|Any CPU
		{B193B187-BE9D-45F7-B87B-8F583BCA86F1}.AppStore|Any CPU.Deploy.0 = Release|Any CPU
		{B193B187-BE9D-45F7-B87B-8F583BCA86F1}.AppStore|iPhone.ActiveCfg = Release|Any CPU
		{B193B187-BE9D-45F7-B87B-8F583BCA86F1}.AppStore|iPhone.Build.0 = Release|Any CPU
		{B193B187-BE9D-45F7-B87B-8F583BCA86F1}.AppStore|iPhone.Deploy.0 = Release|Any CPU
		{B193B187-BE9D-45F7-B87B-8F583BCA86F1}.AppStore|iPhoneSimulator.ActiveCfg = Release|Any CPU
		{B193B187-BE9D-45F7-B87B-8F583BCA86F1}.AppStore|iPhoneSimulator.Build.0 = Release|Any CPU
		{B193B187-BE9D-45F7-B87B-8F583BCA86F1}.AppStore|iPhoneSimulator.Deploy.0 = Release|Any CPU
		{B193B187-BE9D-45F7-B87B-8F583BCA86F1}.Debug|Any CPU.ActiveCfg = Debug|Any CPU
		{B193B187-BE9D-45F7-B87B-8F583BCA86F1}.Debug|Any CPU.Build.0 = Debug|Any CPU
		{B193B187-BE9D-45F7-B87B-8F583BCA86F1}.Debug|Any CPU.Deploy.0 = Debug|Any CPU
		{B193B187-BE9D-45F7-B87B-8F583BCA86F1}.Debug|iPhone.ActiveCfg = Debug|Any CPU
		{B193B187-BE9D-45F7-B87B-8F583BCA86F1}.Debug|iPhone.Build.0 = Debug|Any CPU
		{B193B187-BE9D-45F7-B87B-8F583BCA86F1}.Debug|iPhone.Deploy.0 = Debug|Any CPU
		{B193B187-BE9D-45F7-B87B-8F583BCA86F1}.Debug|iPhoneSimulator.ActiveCfg = Debug|Any CPU
		{B193B187-BE9D-45F7-B87B-8F583BCA86F1}.Debug|iPhoneSimulator.Build.0 = Debug|Any CPU
		{B193B187-BE9D-45F7-B87B-8F583BCA86F1}.Debug|iPhoneSimulator.Deploy.0 = Debug|Any CPU
		{B193B187-BE9D-45F7-B87B-8F583BCA86F1}.Release|Any CPU.ActiveCfg = Release|Any CPU
		{B193B187-BE9D-45F7-B87B-8F583BCA86F1}.Release|Any CPU.Build.0 = Release|Any CPU
		{B193B187-BE9D-45F7-B87B-8F583BCA86F1}.Release|Any CPU.Deploy.0 = Release|Any CPU
		{B193B187-BE9D-45F7-B87B-8F583BCA86F1}.Release|iPhone.ActiveCfg = Release|Any CPU
		{B193B187-BE9D-45F7-B87B-8F583BCA86F1}.Release|iPhone.Build.0 = Release|Any CPU
		{B193B187-BE9D-45F7-B87B-8F583BCA86F1}.Release|iPhone.Deploy.0 = Release|Any CPU
		{B193B187-BE9D-45F7-B87B-8F583BCA86F1}.Release|iPhoneSimulator.ActiveCfg = Release|Any CPU
		{B193B187-BE9D-45F7-B87B-8F583BCA86F1}.Release|iPhoneSimulator.Build.0 = Release|Any CPU
		{B193B187-BE9D-45F7-B87B-8F583BCA86F1}.Release|iPhoneSimulator.Deploy.0 = Release|Any CPU
		{B604A016-83C7-4A71-BF4C-918FAB0BE8FB}.Ad-Hoc|Any CPU.ActiveCfg = Ad-Hoc|iPhone
		{B604A016-83C7-4A71-BF4C-918FAB0BE8FB}.Ad-Hoc|Any CPU.Build.0 = Ad-Hoc|iPhone
		{B604A016-83C7-4A71-BF4C-918FAB0BE8FB}.Ad-Hoc|Any CPU.Deploy.0 = Ad-Hoc|iPhone
		{B604A016-83C7-4A71-BF4C-918FAB0BE8FB}.Ad-Hoc|iPhone.ActiveCfg = Ad-Hoc|iPhone
		{B604A016-83C7-4A71-BF4C-918FAB0BE8FB}.Ad-Hoc|iPhone.Build.0 = Ad-Hoc|iPhone
		{B604A016-83C7-4A71-BF4C-918FAB0BE8FB}.Ad-Hoc|iPhone.Deploy.0 = Ad-Hoc|iPhone
		{B604A016-83C7-4A71-BF4C-918FAB0BE8FB}.Ad-Hoc|iPhoneSimulator.ActiveCfg = Ad-Hoc|iPhoneSimulator
		{B604A016-83C7-4A71-BF4C-918FAB0BE8FB}.Ad-Hoc|iPhoneSimulator.Build.0 = Ad-Hoc|iPhoneSimulator
		{B604A016-83C7-4A71-BF4C-918FAB0BE8FB}.Ad-Hoc|iPhoneSimulator.Deploy.0 = Ad-Hoc|iPhoneSimulator
		{B604A016-83C7-4A71-BF4C-918FAB0BE8FB}.AppStore|Any CPU.ActiveCfg = AppStore|iPhone
		{B604A016-83C7-4A71-BF4C-918FAB0BE8FB}.AppStore|Any CPU.Build.0 = AppStore|iPhone
		{B604A016-83C7-4A71-BF4C-918FAB0BE8FB}.AppStore|Any CPU.Deploy.0 = AppStore|iPhone
		{B604A016-83C7-4A71-BF4C-918FAB0BE8FB}.AppStore|iPhone.ActiveCfg = AppStore|iPhone
		{B604A016-83C7-4A71-BF4C-918FAB0BE8FB}.AppStore|iPhone.Build.0 = AppStore|iPhone
		{B604A016-83C7-4A71-BF4C-918FAB0BE8FB}.AppStore|iPhone.Deploy.0 = AppStore|iPhone
		{B604A016-83C7-4A71-BF4C-918FAB0BE8FB}.AppStore|iPhoneSimulator.ActiveCfg = AppStore|iPhoneSimulator
		{B604A016-83C7-4A71-BF4C-918FAB0BE8FB}.AppStore|iPhoneSimulator.Build.0 = AppStore|iPhoneSimulator
		{B604A016-83C7-4A71-BF4C-918FAB0BE8FB}.AppStore|iPhoneSimulator.Deploy.0 = AppStore|iPhoneSimulator
		{B604A016-83C7-4A71-BF4C-918FAB0BE8FB}.Debug|Any CPU.ActiveCfg = Debug|iPhoneSimulator
		{B604A016-83C7-4A71-BF4C-918FAB0BE8FB}.Debug|Any CPU.Build.0 = Debug|iPhoneSimulator
		{B604A016-83C7-4A71-BF4C-918FAB0BE8FB}.Debug|Any CPU.Deploy.0 = Debug|iPhoneSimulator
		{B604A016-83C7-4A71-BF4C-918FAB0BE8FB}.Debug|iPhone.ActiveCfg = Debug|iPhone
		{B604A016-83C7-4A71-BF4C-918FAB0BE8FB}.Debug|iPhone.Build.0 = Debug|iPhone
		{B604A016-83C7-4A71-BF4C-918FAB0BE8FB}.Debug|iPhone.Deploy.0 = Debug|iPhone
		{B604A016-83C7-4A71-BF4C-918FAB0BE8FB}.Debug|iPhoneSimulator.ActiveCfg = Debug|iPhoneSimulator
		{B604A016-83C7-4A71-BF4C-918FAB0BE8FB}.Debug|iPhoneSimulator.Build.0 = Debug|iPhoneSimulator
		{B604A016-83C7-4A71-BF4C-918FAB0BE8FB}.Debug|iPhoneSimulator.Deploy.0 = Debug|iPhoneSimulator
		{B604A016-83C7-4A71-BF4C-918FAB0BE8FB}.Release|Any CPU.ActiveCfg = Release|iPhone
		{B604A016-83C7-4A71-BF4C-918FAB0BE8FB}.Release|Any CPU.Build.0 = Release|iPhone
		{B604A016-83C7-4A71-BF4C-918FAB0BE8FB}.Release|Any CPU.Deploy.0 = Release|iPhone
		{B604A016-83C7-4A71-BF4C-918FAB0BE8FB}.Release|iPhone.ActiveCfg = Release|iPhone
		{B604A016-83C7-4A71-BF4C-918FAB0BE8FB}.Release|iPhone.Build.0 = Release|iPhone
		{B604A016-83C7-4A71-BF4C-918FAB0BE8FB}.Release|iPhone.Deploy.0 = Release|iPhone
		{B604A016-83C7-4A71-BF4C-918FAB0BE8FB}.Release|iPhoneSimulator.ActiveCfg = Release|iPhoneSimulator
		{B604A016-83C7-4A71-BF4C-918FAB0BE8FB}.Release|iPhoneSimulator.Build.0 = Release|iPhoneSimulator
		{B604A016-83C7-4A71-BF4C-918FAB0BE8FB}.Release|iPhoneSimulator.Deploy.0 = Release|iPhoneSimulator
		{9042B103-8299-4133-B155-9A130785EF3A}.Ad-Hoc|Any CPU.ActiveCfg = Debug|Any CPU
		{9042B103-8299-4133-B155-9A130785EF3A}.Ad-Hoc|Any CPU.Build.0 = Debug|Any CPU
		{9042B103-8299-4133-B155-9A130785EF3A}.Ad-Hoc|Any CPU.Deploy.0 = Debug|Any CPU
		{9042B103-8299-4133-B155-9A130785EF3A}.Ad-Hoc|iPhone.ActiveCfg = Debug|Any CPU
		{9042B103-8299-4133-B155-9A130785EF3A}.Ad-Hoc|iPhone.Build.0 = Debug|Any CPU
		{9042B103-8299-4133-B155-9A130785EF3A}.Ad-Hoc|iPhone.Deploy.0 = Debug|Any CPU
		{9042B103-8299-4133-B155-9A130785EF3A}.Ad-Hoc|iPhoneSimulator.ActiveCfg = Debug|Any CPU
		{9042B103-8299-4133-B155-9A130785EF3A}.Ad-Hoc|iPhoneSimulator.Build.0 = Debug|Any CPU
		{9042B103-8299-4133-B155-9A130785EF3A}.Ad-Hoc|iPhoneSimulator.Deploy.0 = Debug|Any CPU
		{9042B103-8299-4133-B155-9A130785EF3A}.AppStore|Any CPU.ActiveCfg = Debug|Any CPU
		{9042B103-8299-4133-B155-9A130785EF3A}.AppStore|Any CPU.Build.0 = Debug|Any CPU
		{9042B103-8299-4133-B155-9A130785EF3A}.AppStore|Any CPU.Deploy.0 = Debug|Any CPU
		{9042B103-8299-4133-B155-9A130785EF3A}.AppStore|iPhone.ActiveCfg = Debug|Any CPU
		{9042B103-8299-4133-B155-9A130785EF3A}.AppStore|iPhone.Build.0 = Debug|Any CPU
		{9042B103-8299-4133-B155-9A130785EF3A}.AppStore|iPhone.Deploy.0 = Debug|Any CPU
		{9042B103-8299-4133-B155-9A130785EF3A}.AppStore|iPhoneSimulator.ActiveCfg = Debug|Any CPU
		{9042B103-8299-4133-B155-9A130785EF3A}.AppStore|iPhoneSimulator.Build.0 = Debug|Any CPU
		{9042B103-8299-4133-B155-9A130785EF3A}.AppStore|iPhoneSimulator.Deploy.0 = Debug|Any CPU
		{9042B103-8299-4133-B155-9A130785EF3A}.Debug|Any CPU.ActiveCfg = Debug|Any CPU
		{9042B103-8299-4133-B155-9A130785EF3A}.Debug|Any CPU.Build.0 = Debug|Any CPU
		{9042B103-8299-4133-B155-9A130785EF3A}.Debug|Any CPU.Deploy.0 = Debug|Any CPU
		{9042B103-8299-4133-B155-9A130785EF3A}.Debug|iPhone.ActiveCfg = Debug|Any CPU
		{9042B103-8299-4133-B155-9A130785EF3A}.Debug|iPhone.Build.0 = Debug|Any CPU
		{9042B103-8299-4133-B155-9A130785EF3A}.Debug|iPhone.Deploy.0 = Debug|Any CPU
		{9042B103-8299-4133-B155-9A130785EF3A}.Debug|iPhoneSimulator.ActiveCfg = Debug|Any CPU
		{9042B103-8299-4133-B155-9A130785EF3A}.Debug|iPhoneSimulator.Build.0 = Debug|Any CPU
		{9042B103-8299-4133-B155-9A130785EF3A}.Debug|iPhoneSimulator.Deploy.0 = Debug|Any CPU
		{9042B103-8299-4133-B155-9A130785EF3A}.Release|Any CPU.ActiveCfg = Release|Any CPU
		{9042B103-8299-4133-B155-9A130785EF3A}.Release|Any CPU.Build.0 = Release|Any CPU
		{9042B103-8299-4133-B155-9A130785EF3A}.Release|Any CPU.Deploy.0 = Release|Any CPU
		{9042B103-8299-4133-B155-9A130785EF3A}.Release|iPhone.ActiveCfg = Release|Any CPU
		{9042B103-8299-4133-B155-9A130785EF3A}.Release|iPhone.Build.0 = Release|Any CPU
		{9042B103-8299-4133-B155-9A130785EF3A}.Release|iPhone.Deploy.0 = Release|Any CPU
		{9042B103-8299-4133-B155-9A130785EF3A}.Release|iPhoneSimulator.ActiveCfg = Release|Any CPU
		{9042B103-8299-4133-B155-9A130785EF3A}.Release|iPhoneSimulator.Build.0 = Release|Any CPU
		{9042B103-8299-4133-B155-9A130785EF3A}.Release|iPhoneSimulator.Deploy.0 = Release|Any CPU
	EndGlobalSection
	GlobalSection(SolutionProperties) = preSolution
		HideSolutionNode = FALSE
	EndGlobalSection
	GlobalSection(ExtensibilityGlobals) = postSolution
		SolutionGuid = {9190B428-D0F9-4EC8-9B7A-02484ED737A7}
	EndGlobalSection
EndGlobal
